
Microsoft Visual Studio Solution File, Format Version 12.00
# Visual Studio Version 17
Project("{2150E333-8FDC-42A3-9474-1A3956D46DE8}") = "Core", "Core", "{15A0C35D-0158-05AB-6A5F-DE065636A09B}"
EndProject
Project("{8BC9CEB8-8B4A-11D0-8D11-00A0C91BC942}") = "Core", "Core\Core.vcxproj", "{2EB4837C-1AEB-840D-C3D7-6A10AFED000F}"
EndProject
Project("{2150E333-8FDC-42A3-9474-1A3956D46DE8}") = "Examples", "Examples", "{CBC3873E-B791-7B44-A025-EC6A8C9257A9}"
EndProject
Project("{8BC9CEB8-8B4A-11D0-8D11-00A0C91BC942}") = "SimpleChatApp - Client", "Examples\SimpleChatApp\SimpleChatApp - Client.vcxproj", "{9C7DA53F-8877-CE91-71E4-64A25D7D34FE}"
EndProject
Project("{8BC9CEB8-8B4A-11D0-8D11-00A0C91BC942}") = "SimpleChatApp - Server", "Examples\SimpleChatApp\SimpleChatApp - Server.vcxproj", "{B4927E64-A08C-A7B6-89F9-3DC775920D23}"
EndProject
Global
	GlobalSection(SolutionConfigurationPlatforms) = preSolution
		Debug|x64 = Debug|x64
		Dist|x64 = Dist|x64
		Release|x64 = Release|x64
	EndGlobalSection
	GlobalSection(ProjectConfigurationPlatforms) = postSolution
		{2EB4837C-1AEB-840D-C3D7-6A10AFED000F}.Debug|x64.ActiveCfg = Debug|x64
		{2EB4837C-1AEB-840D-C3D7-6A10AFED000F}.Dist|x64.ActiveCfg = Dist|x64
		{2EB4837C-1AEB-840D-C3D7-6A10AFED000F}.Release|x64.ActiveCfg = Release|x64
		{9C7DA53F-8877-CE91-71E4-64A25D7D34FE}.Debug|x64.ActiveCfg = Debug|x64
		{9C7DA53F-8877-CE91-71E4-64A25D7D34FE}.Debug|x64.Build.0 = Debug|x64
		{9C7DA53F-8877-CE91-71E4-64A25D7D34FE}.Dist|x64.ActiveCfg = Dist|x64
		{9C7DA53F-8877-CE91-71E4-64A25D7D34FE}.Dist|x64.Build.0 = Dist|x64
		{9C7DA53F-8877-CE91-71E4-64A25D7D34FE}.Release|x64.ActiveCfg = Release|x64
		{9C7DA53F-8877-CE91-71E4-64A25D7D34FE}.Release|x64.Build.0 = Release|x64
		{B4927E64-A08C-A7B6-89F9-3DC775920D23}.Debug|x64.ActiveCfg = Debug|x64
		{B4927E64-A08C-A7B6-89F9-3DC775920D23}.Debug|x64.Build.0 = Debug|x64
		{B4927E64-A08C-A7B6-89F9-3DC775920D23}.Dist|x64.ActiveCfg = Dist|x64
		{B4927E64-A08C-A7B6-89F9-3DC775920D23}.Dist|x64.Build.0 = Dist|x64
		{B4927E64-A08C-A7B6-89F9-3DC775920D23}.Release|x64.ActiveCfg = Release|x64
		{B4927E64-A08C-A7B6-89F9-3DC775920D23}.Release|x64.Build.0 = Release|x64
	EndGlobalSection
	GlobalSection(SolutionProperties) = preSolution
		HideSolutionNode = FALSE
	EndGlobalSection
	GlobalSection(NestedProjects) = preSolution
		{2EB4837C-1AEB-840D-C3D7-6A10AFED000F} = {15A0C35D-0158-05AB-6A5F-DE065636A09B}
		{9C7DA53F-8877-CE91-71E4-64A25D7D34FE} = {CBC3873E-B791-7B44-A025-EC6A8C9257A9}
		{B4927E64-A08C-A7B6-89F9-3DC775920D23} = {CBC3873E-B791-7B44-A025-EC6A8C9257A9}
	EndGlobalSection
EndGlobal
